
Microsoft Visual Studio Solution File, Format Version 12.00
# Visual Studio 15
VisualStudioVersion = 15.0.27703.2035
MinimumVisualStudioVersion = 10.0.40219.1
Project("{F184B08F-C81C-45F6-A57F-5ABD9991F28F}") = "VisualBasic_Demo_01", "VisualBasic_Demo_01\VisualBasic_Demo_01.vbproj", "{8D0380D8-B236-4049-8E8F-B8161C224AFC}"
EndProject
Global
	GlobalSection(SolutionConfigurationPlatforms) = preSolution
		Debug|Any CPU = Debug|Any CPU
		Release|Any CPU = Release|Any CPU
	EndGlobalSection
	GlobalSection(ProjectConfigurationPlatforms) = postSolution
		{8D0380D8-B236-4049-8E8F-B8161C224AFC}.Debug|Any CPU.ActiveCfg = Debug|Any CPU
		{8D0380D8-B236-4049-8E8F-B8161C224AFC}.Debug|Any CPU.Build.0 = Debug|Any CPU
		{8D0380D8-B236-4049-8E8F-B8161C224AFC}.Release|Any CPU.ActiveCfg = Release|Any CPU
		{8D0380D8-B236-4049-8E8F-B8161C224AFC}.Release|Any CPU.Build.0 = Release|Any CPU
	EndGlobalSection
	GlobalSection(SolutionProperties) = preSolution
		HideSolutionNode = FALSE
	EndGlobalSection
	GlobalSection(ExtensibilityGlobals) = postSolution
		SolutionGuid = {3AAD43C8-9E9B-468C-9C35-371C8F0355A6}
	EndGlobalSection
EndGlobal
